
Microsoft Visual Studio Solution File, Format Version 12.00
# Visual Studio Version 16
VisualStudioVersion = 16.0.31424.327
MinimumVisualStudioVersion = 10.0.40219.1
Project("{FAE04EC0-301F-11D3-BF4B-00C04F79EFBC}") = "Cheskers", "Cheskers\Cheskers.csproj", "{015FE3AD-055B-4461-94C0-CB01524BE24D}"
EndProject
Global
	GlobalSection(SolutionConfigurationPlatforms) = preSolution
		Debug|Any CPU = Debug|Any CPU
		Release|Any CPU = Release|Any CPU
	EndGlobalSection
	GlobalSection(ProjectConfigurationPlatforms) = postSolution
		{015FE3AD-055B-4461-94C0-CB01524BE24D}.Debug|Any CPU.ActiveCfg = Debug|Any CPU
		{015FE3AD-055B-4461-94C0-CB01524BE24D}.Debug|Any CPU.Build.0 = Debug|Any CPU
		{015FE3AD-055B-4461-94C0-CB01524BE24D}.Release|Any CPU.ActiveCfg = Release|Any CPU
		{015FE3AD-055B-4461-94C0-CB01524BE24D}.Release|Any CPU.Build.0 = Release|Any CPU
	EndGlobalSection
	GlobalSection(SolutionProperties) = preSolution
		HideSolutionNode = FALSE
	EndGlobalSection
	GlobalSection(ExtensibilityGlobals) = postSolution
		SolutionGuid = {EA543A9E-B61C-426C-96EF-BB9428B5EFA3}
	EndGlobalSection
EndGlobal
